
Microsoft Visual Studio Solution File, Format Version 12.00
# Visual Studio 15
VisualStudioVersion = 15.0.27130.2027
MinimumVisualStudioVersion = 10.0.40219.1
Project("{FAE04EC0-301F-11D3-BF4B-00C04F79EFBC}") = "FrogAsia.Domain", "FrogAsia.Domain\FrogAsia.Domain.csproj", "{663A60EF-3617-44B3-B237-998BC76F6AF4}"
EndProject
Global
	GlobalSection(SolutionConfigurationPlatforms) = preSolution
		Debug|Any CPU = Debug|Any CPU
		Release|Any CPU = Release|Any CPU
	EndGlobalSection
	GlobalSection(ProjectConfigurationPlatforms) = postSolution
		{663A60EF-3617-44B3-B237-998BC76F6AF4}.Debug|Any CPU.ActiveCfg = Debug|Any CPU
		{663A60EF-3617-44B3-B237-998BC76F6AF4}.Debug|Any CPU.Build.0 = Debug|Any CPU
		{663A60EF-3617-44B3-B237-998BC76F6AF4}.Release|Any CPU.ActiveCfg = Release|Any CPU
		{663A60EF-3617-44B3-B237-998BC76F6AF4}.Release|Any CPU.Build.0 = Release|Any CPU
	EndGlobalSection
	GlobalSection(SolutionProperties) = preSolution
		HideSolutionNode = FALSE
	EndGlobalSection
	GlobalSection(ExtensibilityGlobals) = postSolution
		SolutionGuid = {796C2A39-FFC9-46D1-A26C-ABCEC2CEC11F}
	EndGlobalSection
EndGlobal
